{
  "name": "nightwatch-bdd-automation",
  "version": "1.0.0",
  "description": "Projeto de automação de testes com Nightwatch.js e Cucumber",
  "scripts": {
    "test": "cucumber-js"
  },
  "dependencies": {
    "nightwatch": "^3.0.0",
    "@cucumber/cucumber": "^8.0.0",
    "chromedriver": "^123.0.0"
  }
}